
Microsoft Visual Studio Solution File, Format Version 12.00
# Visual Studio Version 16
VisualStudioVersion = 16.0.31205.134
MinimumVisualStudioVersion = 10.0.40219.1
Project("{9A19103F-16F7-4668-BE54-9A1E7A4F7556}") = "DIO.bank", "DIO.bank.csproj", "{70E128F6-10CA-414D-B061-26C77655F8A9}"
EndProject
Global
	GlobalSection(SolutionConfigurationPlatforms) = preSolution
		Debug|Any CPU = Debug|Any CPU
		Release|Any CPU = Release|Any CPU
	EndGlobalSection
	GlobalSection(ProjectConfigurationPlatforms) = postSolution
		{70E128F6-10CA-414D-B061-26C77655F8A9}.Debug|Any CPU.ActiveCfg = Debug|Any CPU
		{70E128F6-10CA-414D-B061-26C77655F8A9}.Debug|Any CPU.Build.0 = Debug|Any CPU
		{70E128F6-10CA-414D-B061-26C77655F8A9}.Release|Any CPU.ActiveCfg = Release|Any CPU
		{70E128F6-10CA-414D-B061-26C77655F8A9}.Release|Any CPU.Build.0 = Release|Any CPU
	EndGlobalSection
	GlobalSection(SolutionProperties) = preSolution
		HideSolutionNode = FALSE
	EndGlobalSection
	GlobalSection(ExtensibilityGlobals) = postSolution
		SolutionGuid = {A123711E-69CC-4A67-AB26-44ECEF15D220}
	EndGlobalSection
EndGlobal
